
Microsoft Visual Studio Solution File, Format Version 12.00
# Visual Studio Version 17
VisualStudioVersion = 17.3.32804.467
MinimumVisualStudioVersion = 10.0.40219.1
Project("{FAE04EC0-301F-11D3-BF4B-00C04F79EFBC}") = "WpfApp1", "WpfApp1\WpfApp1.csproj", "{5341DF51-B434-4FB6-A783-D0C5A884D45F}"
EndProject
Global
	GlobalSection(SolutionConfigurationPlatforms) = preSolution
		Debug|Any CPU = Debug|Any CPU
		Release|Any CPU = Release|Any CPU
	EndGlobalSection
	GlobalSection(ProjectConfigurationPlatforms) = postSolution
		{5341DF51-B434-4FB6-A783-D0C5A884D45F}.Debug|Any CPU.ActiveCfg = Debug|Any CPU
		{5341DF51-B434-4FB6-A783-D0C5A884D45F}.Debug|Any CPU.Build.0 = Debug|Any CPU
		{5341DF51-B434-4FB6-A783-D0C5A884D45F}.Release|Any CPU.ActiveCfg = Release|Any CPU
		{5341DF51-B434-4FB6-A783-D0C5A884D45F}.Release|Any CPU.Build.0 = Release|Any CPU
	EndGlobalSection
	GlobalSection(SolutionProperties) = preSolution
		HideSolutionNode = FALSE
	EndGlobalSection
	GlobalSection(ExtensibilityGlobals) = postSolution
		SolutionGuid = {6BCB5F96-BFFD-4448-98AC-4BC2EDE740A2}
	EndGlobalSection
EndGlobal
